
Microsoft Visual Studio Solution File, Format Version 12.00
# Visual Studio Version 17
VisualStudioVersion = 17.4.33205.214
MinimumVisualStudioVersion = 10.0.40219.1
Project("{9A19103F-16F7-4668-BE54-9A1E7A4F7556}") = "Algorythm", "Algorythm.csproj", "{1551FAEF-EB2A-4F32-BB2A-47AC093E2C7C}"
EndProject
Global
	GlobalSection(SolutionConfigurationPlatforms) = preSolution
		Debug|Any CPU = Debug|Any CPU
		Release|Any CPU = Release|Any CPU
	EndGlobalSection
	GlobalSection(ProjectConfigurationPlatforms) = postSolution
		{1551FAEF-EB2A-4F32-BB2A-47AC093E2C7C}.Debug|Any CPU.ActiveCfg = Debug|Any CPU
		{1551FAEF-EB2A-4F32-BB2A-47AC093E2C7C}.Debug|Any CPU.Build.0 = Debug|Any CPU
		{1551FAEF-EB2A-4F32-BB2A-47AC093E2C7C}.Release|Any CPU.ActiveCfg = Release|Any CPU
		{1551FAEF-EB2A-4F32-BB2A-47AC093E2C7C}.Release|Any CPU.Build.0 = Release|Any CPU
	EndGlobalSection
	GlobalSection(SolutionProperties) = preSolution
		HideSolutionNode = FALSE
	EndGlobalSection
	GlobalSection(ExtensibilityGlobals) = postSolution
		SolutionGuid = {C224708D-D8E9-4EBB-89A7-854981C5CD6E}
	EndGlobalSection
EndGlobal
